
Microsoft Visual Studio Solution File, Format Version 12.00
# Visual Studio Version 17
VisualStudioVersion = 17.0.32112.339
MinimumVisualStudioVersion = 10.0.40219.1
Project("{FAE04EC0-301F-11D3-BF4B-00C04F79EFBC}") = "PacktLibrary", "PacktLibrary\PacktLibrary.csproj", "{3B18D74C-5D74-4227-8DBF-26274258DA9D}"
EndProject
Project("{FAE04EC0-301F-11D3-BF4B-00C04F79EFBC}") = "PeopleApp", "PeopleApp\PeopleApp.csproj", "{7B68E1B0-275C-4A45-9453-86297D74B8A1}"
EndProject
Global
	GlobalSection(SolutionConfigurationPlatforms) = preSolution
		Debug|Any CPU = Debug|Any CPU
		Release|Any CPU = Release|Any CPU
	EndGlobalSection
	GlobalSection(ProjectConfigurationPlatforms) = postSolution
		{3B18D74C-5D74-4227-8DBF-26274258DA9D}.Debug|Any CPU.ActiveCfg = Debug|Any CPU
		{3B18D74C-5D74-4227-8DBF-26274258DA9D}.Debug|Any CPU.Build.0 = Debug|Any CPU
		{3B18D74C-5D74-4227-8DBF-26274258DA9D}.Release|Any CPU.ActiveCfg = Release|Any CPU
		{3B18D74C-5D74-4227-8DBF-26274258DA9D}.Release|Any CPU.Build.0 = Release|Any CPU
		{7B68E1B0-275C-4A45-9453-86297D74B8A1}.Debug|Any CPU.ActiveCfg = Debug|Any CPU
		{7B68E1B0-275C-4A45-9453-86297D74B8A1}.Debug|Any CPU.Build.0 = Debug|Any CPU
		{7B68E1B0-275C-4A45-9453-86297D74B8A1}.Release|Any CPU.ActiveCfg = Release|Any CPU
		{7B68E1B0-275C-4A45-9453-86297D74B8A1}.Release|Any CPU.Build.0 = Release|Any CPU
	EndGlobalSection
	GlobalSection(SolutionProperties) = preSolution
		HideSolutionNode = FALSE
	EndGlobalSection
	GlobalSection(ExtensibilityGlobals) = postSolution
		SolutionGuid = {F9ECB246-2842-4F76-B72E-66A6B939010D}
	EndGlobalSection
EndGlobal
