
Microsoft Visual Studio Solution File, Format Version 12.00
# Visual Studio Version 17
VisualStudioVersion = 17.0.32112.339
MinimumVisualStudioVersion = 10.0.40219.1
Project("{FAE04EC0-301F-11D3-BF4B-00C04F79EFBC}") = "Sandbox", "Sandbox\Sandbox.csproj", "{80ABB290-1C0D-4FBD-873A-EC74288250F8}"
EndProject
Global
	GlobalSection(SolutionConfigurationPlatforms) = preSolution
		Debug|Any CPU = Debug|Any CPU
		Release|Any CPU = Release|Any CPU
	EndGlobalSection
	GlobalSection(ProjectConfigurationPlatforms) = postSolution
		{80ABB290-1C0D-4FBD-873A-EC74288250F8}.Debug|Any CPU.ActiveCfg = Debug|Any CPU
		{80ABB290-1C0D-4FBD-873A-EC74288250F8}.Debug|Any CPU.Build.0 = Debug|Any CPU
		{80ABB290-1C0D-4FBD-873A-EC74288250F8}.Release|Any CPU.ActiveCfg = Release|Any CPU
		{80ABB290-1C0D-4FBD-873A-EC74288250F8}.Release|Any CPU.Build.0 = Release|Any CPU
	EndGlobalSection
	GlobalSection(SolutionProperties) = preSolution
		HideSolutionNode = FALSE
	EndGlobalSection
	GlobalSection(ExtensibilityGlobals) = postSolution
		SolutionGuid = {EA99C327-35D7-4829-B21A-6D6994D85EC2}
	EndGlobalSection
EndGlobal
