
Microsoft Visual Studio Solution File, Format Version 12.00
# Visual Studio Version 17
VisualStudioVersion = 17.0.32112.339
MinimumVisualStudioVersion = 10.0.40219.1
Project("{FAE04EC0-301F-11D3-BF4B-00C04F79EFBC}") = "Vocabulary", "Vocabulary\Vocabulary.csproj", "{2559EA6B-A180-43FC-A5F6-1D86B39D9480}"
EndProject
Project("{FAE04EC0-301F-11D3-BF4B-00C04F79EFBC}") = "Numbers", "Numbers\Numbers.csproj", "{3FF5000F-05A4-4225-8035-AF2C21FFA732}"
EndProject
Project("{FAE04EC0-301F-11D3-BF4B-00C04F79EFBC}") = "Variables", "Variables\Variables.csproj", "{8BC8F70F-397F-42D4-99EE-6968A578DA7A}"
EndProject
Project("{FAE04EC0-301F-11D3-BF4B-00C04F79EFBC}") = "Formatting", "Formatting\Formatting.csproj", "{C0ED6CFF-0042-448D-B7C9-E8BEF01C6731}"
EndProject
Project("{FAE04EC0-301F-11D3-BF4B-00C04F79EFBC}") = "Arguments", "Arguments\Arguments.csproj", "{F52756AD-A666-4096-A74F-227592498237}"
EndProject
Global
	GlobalSection(SolutionConfigurationPlatforms) = preSolution
		Debug|Any CPU = Debug|Any CPU
		Release|Any CPU = Release|Any CPU
	EndGlobalSection
	GlobalSection(ProjectConfigurationPlatforms) = postSolution
		{2559EA6B-A180-43FC-A5F6-1D86B39D9480}.Debug|Any CPU.ActiveCfg = Debug|Any CPU
		{2559EA6B-A180-43FC-A5F6-1D86B39D9480}.Debug|Any CPU.Build.0 = Debug|Any CPU
		{2559EA6B-A180-43FC-A5F6-1D86B39D9480}.Release|Any CPU.ActiveCfg = Release|Any CPU
		{2559EA6B-A180-43FC-A5F6-1D86B39D9480}.Release|Any CPU.Build.0 = Release|Any CPU
		{3FF5000F-05A4-4225-8035-AF2C21FFA732}.Debug|Any CPU.ActiveCfg = Debug|Any CPU
		{3FF5000F-05A4-4225-8035-AF2C21FFA732}.Debug|Any CPU.Build.0 = Debug|Any CPU
		{3FF5000F-05A4-4225-8035-AF2C21FFA732}.Release|Any CPU.ActiveCfg = Release|Any CPU
		{3FF5000F-05A4-4225-8035-AF2C21FFA732}.Release|Any CPU.Build.0 = Release|Any CPU
		{8BC8F70F-397F-42D4-99EE-6968A578DA7A}.Debug|Any CPU.ActiveCfg = Debug|Any CPU
		{8BC8F70F-397F-42D4-99EE-6968A578DA7A}.Debug|Any CPU.Build.0 = Debug|Any CPU
		{8BC8F70F-397F-42D4-99EE-6968A578DA7A}.Release|Any CPU.ActiveCfg = Release|Any CPU
		{8BC8F70F-397F-42D4-99EE-6968A578DA7A}.Release|Any CPU.Build.0 = Release|Any CPU
		{C0ED6CFF-0042-448D-B7C9-E8BEF01C6731}.Debug|Any CPU.ActiveCfg = Debug|Any CPU
		{C0ED6CFF-0042-448D-B7C9-E8BEF01C6731}.Debug|Any CPU.Build.0 = Debug|Any CPU
		{C0ED6CFF-0042-448D-B7C9-E8BEF01C6731}.Release|Any CPU.ActiveCfg = Release|Any CPU
		{C0ED6CFF-0042-448D-B7C9-E8BEF01C6731}.Release|Any CPU.Build.0 = Release|Any CPU
		{F52756AD-A666-4096-A74F-227592498237}.Debug|Any CPU.ActiveCfg = Debug|Any CPU
		{F52756AD-A666-4096-A74F-227592498237}.Debug|Any CPU.Build.0 = Debug|Any CPU
		{F52756AD-A666-4096-A74F-227592498237}.Release|Any CPU.ActiveCfg = Release|Any CPU
		{F52756AD-A666-4096-A74F-227592498237}.Release|Any CPU.Build.0 = Release|Any CPU
	EndGlobalSection
	GlobalSection(SolutionProperties) = preSolution
		HideSolutionNode = FALSE
	EndGlobalSection
	GlobalSection(ExtensibilityGlobals) = postSolution
		SolutionGuid = {798E3223-21D3-423B-BB9B-A1629BDB1D56}
	EndGlobalSection
EndGlobal
