
Microsoft Visual Studio Solution File, Format Version 12.00
# Visual Studio Version 17
VisualStudioVersion = 17.0.32112.339
MinimumVisualStudioVersion = 10.0.40219.1
Project("{FAE04EC0-301F-11D3-BF4B-00C04F79EFBC}") = "BulkyBookWeb", "BulkyBookWeb\BulkyBookWeb.csproj", "{145299D4-DC2B-47EC-9014-58949D9BCE34}"
EndProject
Global
	GlobalSection(SolutionConfigurationPlatforms) = preSolution
		Debug|Any CPU = Debug|Any CPU
		Release|Any CPU = Release|Any CPU
	EndGlobalSection
	GlobalSection(ProjectConfigurationPlatforms) = postSolution
		{145299D4-DC2B-47EC-9014-58949D9BCE34}.Debug|Any CPU.ActiveCfg = Debug|Any CPU
		{145299D4-DC2B-47EC-9014-58949D9BCE34}.Debug|Any CPU.Build.0 = Debug|Any CPU
		{145299D4-DC2B-47EC-9014-58949D9BCE34}.Release|Any CPU.ActiveCfg = Release|Any CPU
		{145299D4-DC2B-47EC-9014-58949D9BCE34}.Release|Any CPU.Build.0 = Release|Any CPU
	EndGlobalSection
	GlobalSection(SolutionProperties) = preSolution
		HideSolutionNode = FALSE
	EndGlobalSection
	GlobalSection(ExtensibilityGlobals) = postSolution
		SolutionGuid = {5C5B153A-B84A-4255-B03F-8EEBD3DA9F7B}
	EndGlobalSection
EndGlobal
