
Microsoft Visual Studio Solution File, Format Version 12.00
# Visual Studio Version 17
VisualStudioVersion = 17.0.31919.166
MinimumVisualStudioVersion = 10.0.40219.1
Project("{FAE04EC0-301F-11D3-BF4B-00C04F79EFBC}") = "6.Debugging", "6.Debugging.csproj", "{8591E49C-F7F5-4F43-8909-8C528A4B76F7}"
EndProject
Global
	GlobalSection(SolutionConfigurationPlatforms) = preSolution
		Debug|Any CPU = Debug|Any CPU
		Release|Any CPU = Release|Any CPU
	EndGlobalSection
	GlobalSection(ProjectConfigurationPlatforms) = postSolution
		{8591E49C-F7F5-4F43-8909-8C528A4B76F7}.Debug|Any CPU.ActiveCfg = Debug|Any CPU
		{8591E49C-F7F5-4F43-8909-8C528A4B76F7}.Debug|Any CPU.Build.0 = Debug|Any CPU
		{8591E49C-F7F5-4F43-8909-8C528A4B76F7}.Release|Any CPU.ActiveCfg = Release|Any CPU
		{8591E49C-F7F5-4F43-8909-8C528A4B76F7}.Release|Any CPU.Build.0 = Release|Any CPU
	EndGlobalSection
	GlobalSection(SolutionProperties) = preSolution
		HideSolutionNode = FALSE
	EndGlobalSection
	GlobalSection(ExtensibilityGlobals) = postSolution
		SolutionGuid = {1351CFEB-735B-4678-9F83-503796565168}
	EndGlobalSection
EndGlobal
