
Microsoft Visual Studio Solution File, Format Version 12.00
# Visual Studio Version 17
VisualStudioVersion = 17.0.32112.339
MinimumVisualStudioVersion = 10.0.40219.1
Project("{FAE04EC0-301F-11D3-BF4B-00C04F79EFBC}") = "RazorPagesMovie", "RazorPagesMovie\RazorPagesMovie.csproj", "{A7C7B58D-0C3B-4423-BC78-869524AA1EB7}"
EndProject
Global
	GlobalSection(SolutionConfigurationPlatforms) = preSolution
		Debug|Any CPU = Debug|Any CPU
		Release|Any CPU = Release|Any CPU
	EndGlobalSection
	GlobalSection(ProjectConfigurationPlatforms) = postSolution
		{A7C7B58D-0C3B-4423-BC78-869524AA1EB7}.Debug|Any CPU.ActiveCfg = Debug|Any CPU
		{A7C7B58D-0C3B-4423-BC78-869524AA1EB7}.Debug|Any CPU.Build.0 = Debug|Any CPU
		{A7C7B58D-0C3B-4423-BC78-869524AA1EB7}.Release|Any CPU.ActiveCfg = Release|Any CPU
		{A7C7B58D-0C3B-4423-BC78-869524AA1EB7}.Release|Any CPU.Build.0 = Release|Any CPU
	EndGlobalSection
	GlobalSection(SolutionProperties) = preSolution
		HideSolutionNode = FALSE
	EndGlobalSection
	GlobalSection(ExtensibilityGlobals) = postSolution
		SolutionGuid = {F677EED6-FB05-48C7-A15B-E051CD18E37E}
	EndGlobalSection
EndGlobal
